
Microsoft Visual Studio Solution File, Format Version 12.00
# Visual Studio Version 17
VisualStudioVersion = 17.14.36414.22
MinimumVisualStudioVersion = 10.0.40219.1
Project("{FAE04EC0-301F-11D3-BF4B-00C04F79EFBC}") = "ReliefManagementSystem.API", "ReliefManagementSystem.API\ReliefManagementSystem.API.csproj", "{FC308214-95B4-443A-BAAD-E3D39878524C}"
EndProject
Project("{FAE04EC0-301F-11D3-BF4B-00C04F79EFBC}") = "ReliefManagementSystem.Domain", "ReliefManagementSystem.Domain\ReliefManagementSystem.Domain.csproj", "{4ECB8A08-7704-4672-815B-BB067341CD4C}"
EndProject
Project("{FAE04EC0-301F-11D3-BF4B-00C04F79EFBC}") = "ReliefManagementSystem.Infrastructure", "ReliefManagementSystem.Infrastructure\ReliefManagementSystem.Infrastructure.csproj", "{08E8B70D-E278-45A1-96EF-2CB78ACBBDED}"
EndProject
Project("{FAE04EC0-301F-11D3-BF4B-00C04F79EFBC}") = "ReliefManagementSystem.Application", "ReliefManagementSystem.Application\ReliefManagementSystem.Application.csproj", "{B1E6A138-393C-40F5-8F35-95621BD5A950}"
EndProject
Project("{FAE04EC0-301F-11D3-BF4B-00C04F79EFBC}") = "RelieftManagement.Crawler", "RelieftManagement.Crawler\RelieftManagement.Crawler.csproj", "{6BB7028A-DB34-438E-BBE7-1E617938734B}"
EndProject
Project("{2150E333-8FDC-42A3-9474-1A3956D46DE8}") = "Solution Items", "Solution Items", "{ECE2F207-C8AD-42F5-92B1-95D97B9C0260}"
	ProjectSection(SolutionItems) = preProject
		compose.yaml = compose.yaml
	EndProjectSection
EndProject
Global
	GlobalSection(SolutionConfigurationPlatforms) = preSolution
		Debug|Any CPU = Debug|Any CPU
		Release|Any CPU = Release|Any CPU
	EndGlobalSection
	GlobalSection(ProjectConfigurationPlatforms) = postSolution
		{FC308214-95B4-443A-BAAD-E3D39878524C}.Debug|Any CPU.ActiveCfg = Debug|Any CPU
		{FC308214-95B4-443A-BAAD-E3D39878524C}.Debug|Any CPU.Build.0 = Debug|Any CPU
		{FC308214-95B4-443A-BAAD-E3D39878524C}.Release|Any CPU.ActiveCfg = Release|Any CPU
		{FC308214-95B4-443A-BAAD-E3D39878524C}.Release|Any CPU.Build.0 = Release|Any CPU
		{4ECB8A08-7704-4672-815B-BB067341CD4C}.Debug|Any CPU.ActiveCfg = Debug|Any CPU
		{4ECB8A08-7704-4672-815B-BB067341CD4C}.Debug|Any CPU.Build.0 = Debug|Any CPU
		{4ECB8A08-7704-4672-815B-BB067341CD4C}.Release|Any CPU.ActiveCfg = Release|Any CPU
		{4ECB8A08-7704-4672-815B-BB067341CD4C}.Release|Any CPU.Build.0 = Release|Any CPU
		{08E8B70D-E278-45A1-96EF-2CB78ACBBDED}.Debug|Any CPU.ActiveCfg = Debug|Any CPU
		{08E8B70D-E278-45A1-96EF-2CB78ACBBDED}.Debug|Any CPU.Build.0 = Debug|Any CPU
		{08E8B70D-E278-45A1-96EF-2CB78ACBBDED}.Release|Any CPU.ActiveCfg = Release|Any CPU
		{08E8B70D-E278-45A1-96EF-2CB78ACBBDED}.Release|Any CPU.Build.0 = Release|Any CPU
		{B1E6A138-393C-40F5-8F35-95621BD5A950}.Debug|Any CPU.ActiveCfg = Debug|Any CPU
		{B1E6A138-393C-40F5-8F35-95621BD5A950}.Debug|Any CPU.Build.0 = Debug|Any CPU
		{B1E6A138-393C-40F5-8F35-95621BD5A950}.Release|Any CPU.ActiveCfg = Release|Any CPU
		{B1E6A138-393C-40F5-8F35-95621BD5A950}.Release|Any CPU.Build.0 = Release|Any CPU
		{6BB7028A-DB34-438E-BBE7-1E617938734B}.Debug|Any CPU.ActiveCfg = Debug|Any CPU
		{6BB7028A-DB34-438E-BBE7-1E617938734B}.Debug|Any CPU.Build.0 = Debug|Any CPU
		{6BB7028A-DB34-438E-BBE7-1E617938734B}.Release|Any CPU.ActiveCfg = Release|Any CPU
		{6BB7028A-DB34-438E-BBE7-1E617938734B}.Release|Any CPU.Build.0 = Release|Any CPU
	EndGlobalSection
	GlobalSection(SolutionProperties) = preSolution
		HideSolutionNode = FALSE
	EndGlobalSection
	GlobalSection(ExtensibilityGlobals) = postSolution
		SolutionGuid = {E6293790-4BC6-4036-A0F1-692406F3FEBA}
	EndGlobalSection
EndGlobal
